Microsoft Visual Studio Solution File, Format Version 8.00
Project("{8BC9CEB8-8B4A-11D0-8D11-00A0C91BC942}") = "rdActuators", "..\..\Actuators\rdActuators\rdActuators.vcproj", "{A53B5F9A-34FA-494B-A65B-BDCAC8986BED}"
	ProjectSection(ProjectDependencies) = postProject
		{D106376D-F7EB-4226-AFA2-FB4D7E475F40} = {D106376D-F7EB-4226-AFA2-FB4D7E475F40}
	EndProjectSection
EndProject
Project("{8BC9CEB8-8B4A-11D0-8D11-00A0C91BC942}") = "suAnalyses", "..\..\Analyses\suAnalyses\suAnalyses.vcproj", "{6EB9FC4D-39ED-4AF9-B449-A0E62632FE17}"
	ProjectSection(ProjectDependencies) = postProject
		{D106376D-F7EB-4226-AFA2-FB4D7E475F40} = {D106376D-F7EB-4226-AFA2-FB4D7E475F40}
	EndProjectSection
EndProject
Project("{8BC9CEB8-8B4A-11D0-8D11-00A0C91BC942}") = "rdBlock", "..\..\Models\Block\rdBlock\rdBlock.vcproj", "{3E63C105-9161-4976-B88F-05C8B8AB12AF}"
	ProjectSection(ProjectDependencies) = postProject
		{2031AE8A-4491-4AF6-9FD2-09E6B28FD398} = {2031AE8A-4491-4AF6-9FD2-09E6B28FD398}
	EndProjectSection
EndProject
Project("{8BC9CEB8-8B4A-11D0-8D11-00A0C91BC942}") = "cgmalWalking01", "..\..\Models\CGMALWalking01\cgmalWalking01\cgmalWalking01.vcproj", "{29C854D9-FB65-44EC-89B0-30F9FA1A80DF}"
	ProjectSection(ProjectDependencies) = postProject
		{2031AE8A-4491-4AF6-9FD2-09E6B28FD398} = {2031AE8A-4491-4AF6-9FD2-09E6B28FD398}
	EndProjectSection
EndProject
Project("{8BC9CEB8-8B4A-11D0-8D11-00A0C91BC942}") = "suHopper", "..\..\Models\Hopper\suHopper\suHopper.vcproj", "{C3A1431E-0C3E-4CBD-AB62-F634BD3ADF91}"
	ProjectSection(ProjectDependencies) = postProject
		{2031AE8A-4491-4AF6-9FD2-09E6B28FD398} = {2031AE8A-4491-4AF6-9FD2-09E6B28FD398}
	EndProjectSection
EndProject
Project("{8BC9CEB8-8B4A-11D0-8D11-00A0C91BC942}") = "suPipeline40Workflow", "..\..\Models\SIMMPipeline\4.0\Pipeline40Workflow\suPipeline40Workflow\suPipeline40Workflow.vcproj", "{AE7172A6-E138-4118-94AA-C4E4CBEC2E1B}"
	ProjectSection(ProjectDependencies) = postProject
		{B770CFD2-058C-44FF-962F-830BCEC3315E} = {B770CFD2-058C-44FF-962F-830BCEC3315E}
	EndProjectSection
EndProject
Project("{8BC9CEB8-8B4A-11D0-8D11-00A0C91BC942}") = "suPipeline40", "..\..\Models\SIMMPipeline\4.0\suPipeline40\suPipeline40.vcproj", "{B770CFD2-058C-44FF-962F-830BCEC3315E}"
	ProjectSection(ProjectDependencies) = postProject
		{2031AE8A-4491-4AF6-9FD2-09E6B28FD398} = {2031AE8A-4491-4AF6-9FD2-09E6B28FD398}
	EndProjectSection
EndProject
Project("{8BC9CEB8-8B4A-11D0-8D11-00A0C91BC942}") = "suSlider", "..\..\Models\Slider\suSlider\suSlider.vcproj", "{D516CB16-4A60-4CE9-B984-2103D4C9BA3A}"
	ProjectSection(ProjectDependencies) = postProject
		{2031AE8A-4491-4AF6-9FD2-09E6B28FD398} = {2031AE8A-4491-4AF6-9FD2-09E6B28FD398}
	EndProjectSection
EndProject
Project("{8BC9CEB8-8B4A-11D0-8D11-00A0C91BC942}") = "rdSimulation", "..\..\Simulation\rdSimulation\rdSimulation.vcproj", "{D106376D-F7EB-4226-AFA2-FB4D7E475F40}"
	ProjectSection(ProjectDependencies) = postProject
		{34826F50-9624-4680-A857-C9E1ACF9C1A9} = {34826F50-9624-4680-A857-C9E1ACF9C1A9}
	EndProjectSection
EndProject
Project("{8BC9CEB8-8B4A-11D0-8D11-00A0C91BC942}") = "rdSDFast", "..\..\Simulation\SDFast\rdSDFast\rdSDFast.vcproj", "{2031AE8A-4491-4AF6-9FD2-09E6B28FD398}"
	ProjectSection(ProjectDependencies) = postProject
		{D106376D-F7EB-4226-AFA2-FB4D7E475F40} = {D106376D-F7EB-4226-AFA2-FB4D7E475F40}
	EndProjectSection
EndProject
Project("{8BC9CEB8-8B4A-11D0-8D11-00A0C91BC942}") = "rdSQP", "..\..\SQP\rdSQP\rdSQP.vcproj", "{AF2D74F6-1267-4AEC-A541-128F11D16624}"
	ProjectSection(ProjectDependencies) = postProject
	EndProjectSection
EndProject
Project("{8BC9CEB8-8B4A-11D0-8D11-00A0C91BC942}") = "rdTools", "..\..\Tools\rdTools\rdTools.vcproj", "{34826F50-9624-4680-A857-C9E1ACF9C1A9}"
	ProjectSection(ProjectDependencies) = postProject
	EndProjectSection
EndProject
Project("{8BC9CEB8-8B4A-11D0-8D11-00A0C91BC942}") = "rdConvertControls", "..\..\Utilities\rdConvertControls\rdConvertControls.vcproj", "{4A6D353F-47FE-48F7-A51E-739475863054}"
	ProjectSection(ProjectDependencies) = postProject
		{D106376D-F7EB-4226-AFA2-FB4D7E475F40} = {D106376D-F7EB-4226-AFA2-FB4D7E475F40}
	EndProjectSection
EndProject
Project("{8BC9CEB8-8B4A-11D0-8D11-00A0C91BC942}") = "rdConvertStorageToControls", "..\..\Utilities\rdConvertStorageToControls\rdConvertStorageToControls.vcproj", "{80A1DF7F-D955-432E-8DD5-063A275322C4}"
	ProjectSection(ProjectDependencies) = postProject
		{D106376D-F7EB-4226-AFA2-FB4D7E475F40} = {D106376D-F7EB-4226-AFA2-FB4D7E475F40}
	EndProjectSection
EndProject
Project("{8BC9CEB8-8B4A-11D0-8D11-00A0C91BC942}") = "rdSimplifyControls", "..\..\Utilities\rdSimplifyControls\rdSimplifyControls.vcproj", "{A3FF7269-7ABC-4AC9-8E3D-EC8DE185A56C}"
	ProjectSection(ProjectDependencies) = postProject
		{D106376D-F7EB-4226-AFA2-FB4D7E475F40} = {D106376D-F7EB-4226-AFA2-FB4D7E475F40}
	EndProjectSection
EndProject
Project("{8BC9CEB8-8B4A-11D0-8D11-00A0C91BC942}") = "suPerturbStorage", "..\..\Utilities\suPerturbStorage\suPerturbStorage.vcproj", "{D281C61F-96B8-4A90-8937-02FC00C18BDF}"
	ProjectSection(ProjectDependencies) = postProject
		{34826F50-9624-4680-A857-C9E1ACF9C1A9} = {34826F50-9624-4680-A857-C9E1ACF9C1A9}
	EndProjectSection
EndProject
Project("{8BC9CEB8-8B4A-11D0-8D11-00A0C91BC942}") = "suStorageAdd", "..\..\Utilities\suStorageAdd\suStorageAdd.vcproj", "{140342C7-1C51-40EE-8375-509F8C48EF70}"
	ProjectSection(ProjectDependencies) = postProject
		{34826F50-9624-4680-A857-C9E1ACF9C1A9} = {34826F50-9624-4680-A857-C9E1ACF9C1A9}
	EndProjectSection
EndProject
Project("{8BC9CEB8-8B4A-11D0-8D11-00A0C91BC942}") = "suStorageIntegrate", "..\..\Utilities\suStorageIntegrate\suStorageIntegrate.vcproj", "{BD9202D5-CF99-4853-85E2-6CEE67FC6CFB}"
	ProjectSection(ProjectDependencies) = postProject
		{34826F50-9624-4680-A857-C9E1ACF9C1A9} = {34826F50-9624-4680-A857-C9E1ACF9C1A9}
	EndProjectSection
EndProject
Project("{8BC9CEB8-8B4A-11D0-8D11-00A0C91BC942}") = "suStorageSubtract", "..\..\Utilities\suStorageSubtract\suStorageSubtract.vcproj", "{ED424443-73AE-4155-BAD7-24813C0A8F89}"
	ProjectSection(ProjectDependencies) = postProject
		{34826F50-9624-4680-A857-C9E1ACF9C1A9} = {34826F50-9624-4680-A857-C9E1ACF9C1A9}
	EndProjectSection
EndProject
Project("{8BC9CEB8-8B4A-11D0-8D11-00A0C91BC942}") = "rdToolsTest", "..\..\Tools\Test\rdToolsTest\rdToolsTest.vcproj", "{3F825020-C52D-40D1-84BB-4BF1786E7511}"
	ProjectSection(ProjectDependencies) = postProject
	EndProjectSection
EndProject
Project("{8BC9CEB8-8B4A-11D0-8D11-00A0C91BC942}") = "Perturb", "..\..\Applications\Perturb\Perturb.vcproj", "{9BAF69D7-FED7-482E-B224-4892BCCC7BCC}"
	ProjectSection(ProjectDependencies) = postProject
		{6EB9FC4D-39ED-4AF9-B449-A0E62632FE17} = {6EB9FC4D-39ED-4AF9-B449-A0E62632FE17}
		{D106376D-F7EB-4226-AFA2-FB4D7E475F40} = {D106376D-F7EB-4226-AFA2-FB4D7E475F40}
	EndProjectSection
EndProject
Project("{8BC9CEB8-8B4A-11D0-8D11-00A0C91BC942}") = "Forward", "..\..\Applications\Forward\Forward.vcproj", "{0E8208A8-0BEF-4E80-817D-A16F6FDBF557}"
	ProjectSection(ProjectDependencies) = postProject
		{6EB9FC4D-39ED-4AF9-B449-A0E62632FE17} = {6EB9FC4D-39ED-4AF9-B449-A0E62632FE17}
		{D106376D-F7EB-4226-AFA2-FB4D7E475F40} = {D106376D-F7EB-4226-AFA2-FB4D7E475F40}
	EndProjectSection
EndProject
Global
	GlobalSection(SolutionConfiguration) = preSolution
		Debug = Debug
		Release = Release
	EndGlobalSection
	GlobalSection(ProjectConfiguration) = postSolution
		{A53B5F9A-34FA-494B-A65B-BDCAC8986BED}.Debug.ActiveCfg = Debug|Win32
		{A53B5F9A-34FA-494B-A65B-BDCAC8986BED}.Debug.Build.0 = Debug|Win32
		{A53B5F9A-34FA-494B-A65B-BDCAC8986BED}.Release.ActiveCfg = Release|Win32
		{A53B5F9A-34FA-494B-A65B-BDCAC8986BED}.Release.Build.0 = Release|Win32
		{6EB9FC4D-39ED-4AF9-B449-A0E62632FE17}.Debug.ActiveCfg = Debug|Win32
		{6EB9FC4D-39ED-4AF9-B449-A0E62632FE17}.Debug.Build.0 = Debug|Win32
		{6EB9FC4D-39ED-4AF9-B449-A0E62632FE17}.Release.ActiveCfg = Release|Win32
		{6EB9FC4D-39ED-4AF9-B449-A0E62632FE17}.Release.Build.0 = Release|Win32
		{3E63C105-9161-4976-B88F-05C8B8AB12AF}.Debug.ActiveCfg = Debug|Win32
		{3E63C105-9161-4976-B88F-05C8B8AB12AF}.Debug.Build.0 = Debug|Win32
		{3E63C105-9161-4976-B88F-05C8B8AB12AF}.Release.ActiveCfg = Release|Win32
		{3E63C105-9161-4976-B88F-05C8B8AB12AF}.Release.Build.0 = Release|Win32
		{29C854D9-FB65-44EC-89B0-30F9FA1A80DF}.Debug.ActiveCfg = Debug|Win32
		{29C854D9-FB65-44EC-89B0-30F9FA1A80DF}.Debug.Build.0 = Debug|Win32
		{29C854D9-FB65-44EC-89B0-30F9FA1A80DF}.Release.ActiveCfg = Release|Win32
		{29C854D9-FB65-44EC-89B0-30F9FA1A80DF}.Release.Build.0 = Release|Win32
		{C3A1431E-0C3E-4CBD-AB62-F634BD3ADF91}.Debug.ActiveCfg = Debug|Win32
		{C3A1431E-0C3E-4CBD-AB62-F634BD3ADF91}.Debug.Build.0 = Debug|Win32
		{C3A1431E-0C3E-4CBD-AB62-F634BD3ADF91}.Release.ActiveCfg = Release|Win32
		{C3A1431E-0C3E-4CBD-AB62-F634BD3ADF91}.Release.Build.0 = Release|Win32
		{AE7172A6-E138-4118-94AA-C4E4CBEC2E1B}.Debug.ActiveCfg = Debug|Win32
		{AE7172A6-E138-4118-94AA-C4E4CBEC2E1B}.Debug.Build.0 = Debug|Win32
		{AE7172A6-E138-4118-94AA-C4E4CBEC2E1B}.Release.ActiveCfg = Release|Win32
		{AE7172A6-E138-4118-94AA-C4E4CBEC2E1B}.Release.Build.0 = Release|Win32
		{B770CFD2-058C-44FF-962F-830BCEC3315E}.Debug.ActiveCfg = Debug|Win32
		{B770CFD2-058C-44FF-962F-830BCEC3315E}.Debug.Build.0 = Debug|Win32
		{B770CFD2-058C-44FF-962F-830BCEC3315E}.Release.ActiveCfg = Release|Win32
		{B770CFD2-058C-44FF-962F-830BCEC3315E}.Release.Build.0 = Release|Win32
		{D516CB16-4A60-4CE9-B984-2103D4C9BA3A}.Debug.ActiveCfg = Debug|Win32
		{D516CB16-4A60-4CE9-B984-2103D4C9BA3A}.Debug.Build.0 = Debug|Win32
		{D516CB16-4A60-4CE9-B984-2103D4C9BA3A}.Release.ActiveCfg = Release|Win32
		{D516CB16-4A60-4CE9-B984-2103D4C9BA3A}.Release.Build.0 = Release|Win32
		{D106376D-F7EB-4226-AFA2-FB4D7E475F40}.Debug.ActiveCfg = Debug|Win32
		{D106376D-F7EB-4226-AFA2-FB4D7E475F40}.Debug.Build.0 = Debug|Win32
		{D106376D-F7EB-4226-AFA2-FB4D7E475F40}.Release.ActiveCfg = Release|Win32
		{D106376D-F7EB-4226-AFA2-FB4D7E475F40}.Release.Build.0 = Release|Win32
		{2031AE8A-4491-4AF6-9FD2-09E6B28FD398}.Debug.ActiveCfg = Debug|Win32
		{2031AE8A-4491-4AF6-9FD2-09E6B28FD398}.Debug.Build.0 = Debug|Win32
		{2031AE8A-4491-4AF6-9FD2-09E6B28FD398}.Release.ActiveCfg = Release|Win32
		{2031AE8A-4491-4AF6-9FD2-09E6B28FD398}.Release.Build.0 = Release|Win32
		{AF2D74F6-1267-4AEC-A541-128F11D16624}.Debug.ActiveCfg = Debug|Win32
		{AF2D74F6-1267-4AEC-A541-128F11D16624}.Debug.Build.0 = Debug|Win32
		{AF2D74F6-1267-4AEC-A541-128F11D16624}.Release.ActiveCfg = Release|Win32
		{AF2D74F6-1267-4AEC-A541-128F11D16624}.Release.Build.0 = Release|Win32
		{34826F50-9624-4680-A857-C9E1ACF9C1A9}.Debug.ActiveCfg = Debug|Win32
		{34826F50-9624-4680-A857-C9E1ACF9C1A9}.Debug.Build.0 = Debug|Win32
		{34826F50-9624-4680-A857-C9E1ACF9C1A9}.Release.ActiveCfg = Release|Win32
		{34826F50-9624-4680-A857-C9E1ACF9C1A9}.Release.Build.0 = Release|Win32
		{4A6D353F-47FE-48F7-A51E-739475863054}.Debug.ActiveCfg = Debug|Win32
		{4A6D353F-47FE-48F7-A51E-739475863054}.Debug.Build.0 = Debug|Win32
		{4A6D353F-47FE-48F7-A51E-739475863054}.Release.ActiveCfg = Release|Win32
		{4A6D353F-47FE-48F7-A51E-739475863054}.Release.Build.0 = Release|Win32
		{80A1DF7F-D955-432E-8DD5-063A275322C4}.Debug.ActiveCfg = Debug|Win32
		{80A1DF7F-D955-432E-8DD5-063A275322C4}.Debug.Build.0 = Debug|Win32
		{80A1DF7F-D955-432E-8DD5-063A275322C4}.Release.ActiveCfg = Release|Win32
		{80A1DF7F-D955-432E-8DD5-063A275322C4}.Release.Build.0 = Release|Win32
		{A3FF7269-7ABC-4AC9-8E3D-EC8DE185A56C}.Debug.ActiveCfg = Debug|Win32
		{A3FF7269-7ABC-4AC9-8E3D-EC8DE185A56C}.Debug.Build.0 = Debug|Win32
		{A3FF7269-7ABC-4AC9-8E3D-EC8DE185A56C}.Release.ActiveCfg = Release|Win32
		{A3FF7269-7ABC-4AC9-8E3D-EC8DE185A56C}.Release.Build.0 = Release|Win32
		{D281C61F-96B8-4A90-8937-02FC00C18BDF}.Debug.ActiveCfg = Debug|Win32
		{D281C61F-96B8-4A90-8937-02FC00C18BDF}.Debug.Build.0 = Debug|Win32
		{D281C61F-96B8-4A90-8937-02FC00C18BDF}.Release.ActiveCfg = Release|Win32
		{D281C61F-96B8-4A90-8937-02FC00C18BDF}.Release.Build.0 = Release|Win32
		{140342C7-1C51-40EE-8375-509F8C48EF70}.Debug.ActiveCfg = Debug|Win32
		{140342C7-1C51-40EE-8375-509F8C48EF70}.Debug.Build.0 = Debug|Win32
		{140342C7-1C51-40EE-8375-509F8C48EF70}.Release.ActiveCfg = Release|Win32
		{140342C7-1C51-40EE-8375-509F8C48EF70}.Release.Build.0 = Release|Win32
		{BD9202D5-CF99-4853-85E2-6CEE67FC6CFB}.Debug.ActiveCfg = Debug|Win32
		{BD9202D5-CF99-4853-85E2-6CEE67FC6CFB}.Debug.Build.0 = Debug|Win32
		{BD9202D5-CF99-4853-85E2-6CEE67FC6CFB}.Release.ActiveCfg = Release|Win32
		{BD9202D5-CF99-4853-85E2-6CEE67FC6CFB}.Release.Build.0 = Release|Win32
		{ED424443-73AE-4155-BAD7-24813C0A8F89}.Debug.ActiveCfg = Debug|Win32
		{ED424443-73AE-4155-BAD7-24813C0A8F89}.Debug.Build.0 = Debug|Win32
		{ED424443-73AE-4155-BAD7-24813C0A8F89}.Release.ActiveCfg = Release|Win32
		{ED424443-73AE-4155-BAD7-24813C0A8F89}.Release.Build.0 = Release|Win32
		{3F825020-C52D-40D1-84BB-4BF1786E7511}.Debug.ActiveCfg = Debug|Win32
		{3F825020-C52D-40D1-84BB-4BF1786E7511}.Debug.Build.0 = Debug|Win32
		{3F825020-C52D-40D1-84BB-4BF1786E7511}.Release.ActiveCfg = Release|Win32
		{3F825020-C52D-40D1-84BB-4BF1786E7511}.Release.Build.0 = Release|Win32
		{9BAF69D7-FED7-482E-B224-4892BCCC7BCC}.Debug.ActiveCfg = Debug|Win32
		{9BAF69D7-FED7-482E-B224-4892BCCC7BCC}.Debug.Build.0 = Debug|Win32
		{9BAF69D7-FED7-482E-B224-4892BCCC7BCC}.Release.ActiveCfg = Release|Win32
		{9BAF69D7-FED7-482E-B224-4892BCCC7BCC}.Release.Build.0 = Release|Win32
		{0E8208A8-0BEF-4E80-817D-A16F6FDBF557}.Debug.ActiveCfg = Debug|Win32
		{0E8208A8-0BEF-4E80-817D-A16F6FDBF557}.Debug.Build.0 = Debug|Win32
		{0E8208A8-0BEF-4E80-817D-A16F6FDBF557}.Release.ActiveCfg = Release|Win32
		{0E8208A8-0BEF-4E80-817D-A16F6FDBF557}.Release.Build.0 = Release|Win32
	EndGlobalSection
	GlobalSection(ExtensibilityGlobals) = postSolution
	EndGlobalSection
	GlobalSection(ExtensibilityAddIns) = postSolution
	EndGlobalSection
EndGlobal
