Microsoft Visual Studio Solution File, Format Version 8.00
Project("{8BC9CEB8-8B4A-11D0-8D11-00A0C91BC942}") = "rdConvertControls", "..\..\Utilities\rdConvertControls\rdConvertControls.vcproj", "{8A15C349-13D2-409B-898D-BC33DA30D595}"
	ProjectSection(ProjectDependencies) = postProject
	EndProjectSection
EndProject
Project("{8BC9CEB8-8B4A-11D0-8D11-00A0C91BC942}") = "rdConvertStorageToControls", "..\..\Utilities\rdConvertStorageToControls\rdConvertStorageToControls.vcproj", "{D5FFC1A2-3EE8-4006-AB98-28DC3DF48D6F}"
	ProjectSection(ProjectDependencies) = postProject
	EndProjectSection
EndProject
Project("{8BC9CEB8-8B4A-11D0-8D11-00A0C91BC942}") = "rdSimplifyControls", "..\..\Utilities\rdSimplifyControls\rdSimplifyControls.vcproj", "{C3EF5A95-F3EE-477F-A8A4-2ECA0FC98148}"
	ProjectSection(ProjectDependencies) = postProject
	EndProjectSection
EndProject
Project("{8BC9CEB8-8B4A-11D0-8D11-00A0C91BC942}") = "suPerturbStorage", "..\..\Utilities\suPerturbStorage\suPerturbStorage.vcproj", "{91C975A0-6D3A-4551-8138-59AF24763CAD}"
	ProjectSection(ProjectDependencies) = postProject
	EndProjectSection
EndProject
Project("{8BC9CEB8-8B4A-11D0-8D11-00A0C91BC942}") = "suStorageAdd", "..\..\Utilities\suStorageAdd\suStorageAdd.vcproj", "{10446121-B052-4C04-9EED-B1AA2109F148}"
	ProjectSection(ProjectDependencies) = postProject
	EndProjectSection
EndProject
Project("{8BC9CEB8-8B4A-11D0-8D11-00A0C91BC942}") = "suStorageIntegrate", "..\..\Utilities\suStorageIntegrate\suStorageIntegrate.vcproj", "{062491ED-84DB-44AD-9B62-1A1F99E2C0EF}"
	ProjectSection(ProjectDependencies) = postProject
	EndProjectSection
EndProject
Project("{8BC9CEB8-8B4A-11D0-8D11-00A0C91BC942}") = "suStorageSubtract", "..\..\Utilities\suStorageSubtract\suStorageSubtract.vcproj", "{D3B7E500-AF65-49AF-B1A1-563769705BBE}"
	ProjectSection(ProjectDependencies) = postProject
	EndProjectSection
EndProject
Global
	GlobalSection(SolutionConfiguration) = preSolution
		Debug = Debug
		Release = Release
	EndGlobalSection
	GlobalSection(ProjectConfiguration) = postSolution
		{8A15C349-13D2-409B-898D-BC33DA30D595}.Debug.ActiveCfg = Debug|Win32
		{8A15C349-13D2-409B-898D-BC33DA30D595}.Debug.Build.0 = Debug|Win32
		{8A15C349-13D2-409B-898D-BC33DA30D595}.Release.ActiveCfg = Release|Win32
		{8A15C349-13D2-409B-898D-BC33DA30D595}.Release.Build.0 = Release|Win32
		{D5FFC1A2-3EE8-4006-AB98-28DC3DF48D6F}.Debug.ActiveCfg = Debug|Win32
		{D5FFC1A2-3EE8-4006-AB98-28DC3DF48D6F}.Debug.Build.0 = Debug|Win32
		{D5FFC1A2-3EE8-4006-AB98-28DC3DF48D6F}.Release.ActiveCfg = Release|Win32
		{D5FFC1A2-3EE8-4006-AB98-28DC3DF48D6F}.Release.Build.0 = Release|Win32
		{C3EF5A95-F3EE-477F-A8A4-2ECA0FC98148}.Debug.ActiveCfg = Debug|Win32
		{C3EF5A95-F3EE-477F-A8A4-2ECA0FC98148}.Debug.Build.0 = Debug|Win32
		{C3EF5A95-F3EE-477F-A8A4-2ECA0FC98148}.Release.ActiveCfg = Release|Win32
		{C3EF5A95-F3EE-477F-A8A4-2ECA0FC98148}.Release.Build.0 = Release|Win32
		{91C975A0-6D3A-4551-8138-59AF24763CAD}.Debug.ActiveCfg = Debug|Win32
		{91C975A0-6D3A-4551-8138-59AF24763CAD}.Debug.Build.0 = Debug|Win32
		{91C975A0-6D3A-4551-8138-59AF24763CAD}.Release.ActiveCfg = Release|Win32
		{91C975A0-6D3A-4551-8138-59AF24763CAD}.Release.Build.0 = Release|Win32
		{10446121-B052-4C04-9EED-B1AA2109F148}.Debug.ActiveCfg = Debug|Win32
		{10446121-B052-4C04-9EED-B1AA2109F148}.Debug.Build.0 = Debug|Win32
		{10446121-B052-4C04-9EED-B1AA2109F148}.Release.ActiveCfg = Release|Win32
		{10446121-B052-4C04-9EED-B1AA2109F148}.Release.Build.0 = Release|Win32
		{062491ED-84DB-44AD-9B62-1A1F99E2C0EF}.Debug.ActiveCfg = Debug|Win32
		{062491ED-84DB-44AD-9B62-1A1F99E2C0EF}.Debug.Build.0 = Debug|Win32
		{062491ED-84DB-44AD-9B62-1A1F99E2C0EF}.Release.ActiveCfg = Release|Win32
		{062491ED-84DB-44AD-9B62-1A1F99E2C0EF}.Release.Build.0 = Release|Win32
		{D3B7E500-AF65-49AF-B1A1-563769705BBE}.Debug.ActiveCfg = Debug|Win32
		{D3B7E500-AF65-49AF-B1A1-563769705BBE}.Debug.Build.0 = Debug|Win32
		{D3B7E500-AF65-49AF-B1A1-563769705BBE}.Release.ActiveCfg = Release|Win32
		{D3B7E500-AF65-49AF-B1A1-563769705BBE}.Release.Build.0 = Release|Win32
	EndGlobalSection
	GlobalSection(ExtensibilityGlobals) = postSolution
	EndGlobalSection
	GlobalSection(ExtensibilityAddIns) = postSolution
	EndGlobalSection
EndGlobal
